
Microsoft Visual Studio Solution File, Format Version 12.00
# Visual Studio Version 16
VisualStudioVersion = 16.0.29905.134
MinimumVisualStudioVersion = 10.0.40219.1
Project("{FAE04EC0-301F-11D3-BF4B-00C04F79EFBC}") = "01.ClassBoxData", "01.ClassBoxData\01.ClassBoxData.csproj", "{CFD6F496-8CD9-4445-8C21-87395F81FEB7}"
EndProject
Global
	GlobalSection(SolutionConfigurationPlatforms) = preSolution
		Debug|Any CPU = Debug|Any CPU
		Release|Any CPU = Release|Any CPU
	EndGlobalSection
	GlobalSection(ProjectConfigurationPlatforms) = postSolution
		{CFD6F496-8CD9-4445-8C21-87395F81FEB7}.Debug|Any CPU.ActiveCfg = Debug|Any CPU
		{CFD6F496-8CD9-4445-8C21-87395F81FEB7}.Debug|Any CPU.Build.0 = Debug|Any CPU
		{CFD6F496-8CD9-4445-8C21-87395F81FEB7}.Release|Any CPU.ActiveCfg = Release|Any CPU
		{CFD6F496-8CD9-4445-8C21-87395F81FEB7}.Release|Any CPU.Build.0 = Release|Any CPU
	EndGlobalSection
	GlobalSection(SolutionProperties) = preSolution
		HideSolutionNode = FALSE
	EndGlobalSection
	GlobalSection(ExtensibilityGlobals) = postSolution
		SolutionGuid = {7DE62A3F-0374-44ED-97F2-AA71A54398C1}
	EndGlobalSection
EndGlobal
