
Microsoft Visual Studio Solution File, Format Version 12.00
# Visual Studio Version 16
VisualStudioVersion = 16.0.30804.86
MinimumVisualStudioVersion = 10.0.40219.1
Project("{9A19103F-16F7-4668-BE54-9A1E7A4F7556}") = "01. Advertisement Message", "01. Advertisement Message\01. Advertisement Message.csproj", "{62CDADE7-3B68-4CEC-8EE6-134AE3313876}"
EndProject
Project("{9A19103F-16F7-4668-BE54-9A1E7A4F7556}") = "02. Articles", "02. Articles\02. Articles.csproj", "{6E47A1F2-B74D-4A8D-9652-31D764D95C30}"
EndProject
Project("{FAE04EC0-301F-11D3-BF4B-00C04F79EFBC}") = "03. Articles 2.0", "03. Articles 2.0\03. Articles 2.0.csproj", "{44F2E70A-4D77-400D-9FFC-2699D4DC29EB}"
EndProject
Project("{FAE04EC0-301F-11D3-BF4B-00C04F79EFBC}") = "04. Students", "04. Students\04. Students.csproj", "{472B251D-6B6E-481C-9DCD-5FF62E7F4999}"
EndProject
Project("{FAE04EC0-301F-11D3-BF4B-00C04F79EFBC}") = "05. Teamwork Projects", "05. Teamwork Projects\05. Teamwork Projects.csproj", "{B8F168B1-F5E5-4C71-BDC5-12BEF47DE86D}"
EndProject
Global
	GlobalSection(SolutionConfigurationPlatforms) = preSolution
		Debug|Any CPU = Debug|Any CPU
		Release|Any CPU = Release|Any CPU
	EndGlobalSection
	GlobalSection(ProjectConfigurationPlatforms) = postSolution
		{62CDADE7-3B68-4CEC-8EE6-134AE3313876}.Debug|Any CPU.ActiveCfg = Debug|Any CPU
		{62CDADE7-3B68-4CEC-8EE6-134AE3313876}.Debug|Any CPU.Build.0 = Debug|Any CPU
		{62CDADE7-3B68-4CEC-8EE6-134AE3313876}.Release|Any CPU.ActiveCfg = Release|Any CPU
		{62CDADE7-3B68-4CEC-8EE6-134AE3313876}.Release|Any CPU.Build.0 = Release|Any CPU
		{6E47A1F2-B74D-4A8D-9652-31D764D95C30}.Debug|Any CPU.ActiveCfg = Debug|Any CPU
		{6E47A1F2-B74D-4A8D-9652-31D764D95C30}.Debug|Any CPU.Build.0 = Debug|Any CPU
		{6E47A1F2-B74D-4A8D-9652-31D764D95C30}.Release|Any CPU.ActiveCfg = Release|Any CPU
		{6E47A1F2-B74D-4A8D-9652-31D764D95C30}.Release|Any CPU.Build.0 = Release|Any CPU
		{44F2E70A-4D77-400D-9FFC-2699D4DC29EB}.Debug|Any CPU.ActiveCfg = Debug|Any CPU
		{44F2E70A-4D77-400D-9FFC-2699D4DC29EB}.Debug|Any CPU.Build.0 = Debug|Any CPU
		{44F2E70A-4D77-400D-9FFC-2699D4DC29EB}.Release|Any CPU.ActiveCfg = Release|Any CPU
		{44F2E70A-4D77-400D-9FFC-2699D4DC29EB}.Release|Any CPU.Build.0 = Release|Any CPU
		{472B251D-6B6E-481C-9DCD-5FF62E7F4999}.Debug|Any CPU.ActiveCfg = Debug|Any CPU
		{472B251D-6B6E-481C-9DCD-5FF62E7F4999}.Debug|Any CPU.Build.0 = Debug|Any CPU
		{472B251D-6B6E-481C-9DCD-5FF62E7F4999}.Release|Any CPU.ActiveCfg = Release|Any CPU
		{472B251D-6B6E-481C-9DCD-5FF62E7F4999}.Release|Any CPU.Build.0 = Release|Any CPU
		{B8F168B1-F5E5-4C71-BDC5-12BEF47DE86D}.Debug|Any CPU.ActiveCfg = Debug|Any CPU
		{B8F168B1-F5E5-4C71-BDC5-12BEF47DE86D}.Debug|Any CPU.Build.0 = Debug|Any CPU
		{B8F168B1-F5E5-4C71-BDC5-12BEF47DE86D}.Release|Any CPU.ActiveCfg = Release|Any CPU
		{B8F168B1-F5E5-4C71-BDC5-12BEF47DE86D}.Release|Any CPU.Build.0 = Release|Any CPU
	EndGlobalSection
	GlobalSection(SolutionProperties) = preSolution
		HideSolutionNode = FALSE
	EndGlobalSection
	GlobalSection(ExtensibilityGlobals) = postSolution
		SolutionGuid = {F7CB2E5F-D680-4904-8106-8387BDBB7EEE}
	EndGlobalSection
EndGlobal
