
Microsoft Visual Studio Solution File, Format Version 12.00
# Visual Studio Version 16
VisualStudioVersion = 16.0.30804.86
MinimumVisualStudioVersion = 10.0.40219.1
Project("{9A19103F-16F7-4668-BE54-9A1E7A4F7556}") = "1. Reverse Strings", "1. Reverse Strings\1. Reverse Strings.csproj", "{A7B1BDC6-8110-4D18-84EB-FCDAFE85E12B}"
EndProject
Project("{9A19103F-16F7-4668-BE54-9A1E7A4F7556}") = "02. Basic Queue Operations", "02. Basic Queue Operations\02. Basic Queue Operations.csproj", "{530D4419-AEA9-45D8-994E-260D0035C809}"
EndProject
Project("{9A19103F-16F7-4668-BE54-9A1E7A4F7556}") = "03. Maximum and Minimum Element", "03. Maximum and Minimum Element\03. Maximum and Minimum Element.csproj", "{3AF49CA6-8504-47A6-BCD2-DD3B8BC1B256}"
EndProject
Project("{9A19103F-16F7-4668-BE54-9A1E7A4F7556}") = "04. Fast Food", "04. Fast Food\04. Fast Food.csproj", "{B1F9FEEE-9514-45F9-AF2C-67B6A55FE88A}"
EndProject
Project("{FAE04EC0-301F-11D3-BF4B-00C04F79EFBC}") = "05. Fashion Boutique", "05. Fashion Boutique\05. Fashion Boutique.csproj", "{58AEC095-ECED-4340-A3B8-B52EFDCCA6CA}"
EndProject
Project("{FAE04EC0-301F-11D3-BF4B-00C04F79EFBC}") = "06. Songs Queue", "06. Songs Queue\06. Songs Queue.csproj", "{DC731FE2-7CFB-485B-A451-B6E0CAB73B08}"
EndProject
Global
	GlobalSection(SolutionConfigurationPlatforms) = preSolution
		Debug|Any CPU = Debug|Any CPU
		Release|Any CPU = Release|Any CPU
	EndGlobalSection
	GlobalSection(ProjectConfigurationPlatforms) = postSolution
		{A7B1BDC6-8110-4D18-84EB-FCDAFE85E12B}.Debug|Any CPU.ActiveCfg = Debug|Any CPU
		{A7B1BDC6-8110-4D18-84EB-FCDAFE85E12B}.Debug|Any CPU.Build.0 = Debug|Any CPU
		{A7B1BDC6-8110-4D18-84EB-FCDAFE85E12B}.Release|Any CPU.ActiveCfg = Release|Any CPU
		{A7B1BDC6-8110-4D18-84EB-FCDAFE85E12B}.Release|Any CPU.Build.0 = Release|Any CPU
		{530D4419-AEA9-45D8-994E-260D0035C809}.Debug|Any CPU.ActiveCfg = Debug|Any CPU
		{530D4419-AEA9-45D8-994E-260D0035C809}.Debug|Any CPU.Build.0 = Debug|Any CPU
		{530D4419-AEA9-45D8-994E-260D0035C809}.Release|Any CPU.ActiveCfg = Release|Any CPU
		{530D4419-AEA9-45D8-994E-260D0035C809}.Release|Any CPU.Build.0 = Release|Any CPU
		{3AF49CA6-8504-47A6-BCD2-DD3B8BC1B256}.Debug|Any CPU.ActiveCfg = Debug|Any CPU
		{3AF49CA6-8504-47A6-BCD2-DD3B8BC1B256}.Debug|Any CPU.Build.0 = Debug|Any CPU
		{3AF49CA6-8504-47A6-BCD2-DD3B8BC1B256}.Release|Any CPU.ActiveCfg = Release|Any CPU
		{3AF49CA6-8504-47A6-BCD2-DD3B8BC1B256}.Release|Any CPU.Build.0 = Release|Any CPU
		{B1F9FEEE-9514-45F9-AF2C-67B6A55FE88A}.Debug|Any CPU.ActiveCfg = Debug|Any CPU
		{B1F9FEEE-9514-45F9-AF2C-67B6A55FE88A}.Debug|Any CPU.Build.0 = Debug|Any CPU
		{B1F9FEEE-9514-45F9-AF2C-67B6A55FE88A}.Release|Any CPU.ActiveCfg = Release|Any CPU
		{B1F9FEEE-9514-45F9-AF2C-67B6A55FE88A}.Release|Any CPU.Build.0 = Release|Any CPU
		{58AEC095-ECED-4340-A3B8-B52EFDCCA6CA}.Debug|Any CPU.ActiveCfg = Debug|Any CPU
		{58AEC095-ECED-4340-A3B8-B52EFDCCA6CA}.Debug|Any CPU.Build.0 = Debug|Any CPU
		{58AEC095-ECED-4340-A3B8-B52EFDCCA6CA}.Release|Any CPU.ActiveCfg = Release|Any CPU
		{58AEC095-ECED-4340-A3B8-B52EFDCCA6CA}.Release|Any CPU.Build.0 = Release|Any CPU
		{DC731FE2-7CFB-485B-A451-B6E0CAB73B08}.Debug|Any CPU.ActiveCfg = Debug|Any CPU
		{DC731FE2-7CFB-485B-A451-B6E0CAB73B08}.Debug|Any CPU.Build.0 = Debug|Any CPU
		{DC731FE2-7CFB-485B-A451-B6E0CAB73B08}.Release|Any CPU.ActiveCfg = Release|Any CPU
		{DC731FE2-7CFB-485B-A451-B6E0CAB73B08}.Release|Any CPU.Build.0 = Release|Any CPU
	EndGlobalSection
	GlobalSection(SolutionProperties) = preSolution
		HideSolutionNode = FALSE
	EndGlobalSection
	GlobalSection(ExtensibilityGlobals) = postSolution
		SolutionGuid = {B8024C76-AE13-4500-AD79-38569D469376}
	EndGlobalSection
EndGlobal
