
Microsoft Visual Studio Solution File, Format Version 12.00
# Visual Studio Version 16
VisualStudioVersion = 16.0.30804.86
MinimumVisualStudioVersion = 10.0.40219.1
Project("{9A19103F-16F7-4668-BE54-9A1E7A4F7556}") = "01.CountCharsInAString", "01.CountCharsInAString\01.CountCharsInAString.csproj", "{CE22D7C4-B47B-4BBC-AEAB-70BDFC0572BF}"
EndProject
Project("{FAE04EC0-301F-11D3-BF4B-00C04F79EFBC}") = "02.AMinerTask", "02.AMinerTask\02.AMinerTask.csproj", "{B4FCFAC2-18DB-4C0F-9387-E52A753B5975}"
EndProject
Global
	GlobalSection(SolutionConfigurationPlatforms) = preSolution
		Debug|Any CPU = Debug|Any CPU
		Release|Any CPU = Release|Any CPU
	EndGlobalSection
	GlobalSection(ProjectConfigurationPlatforms) = postSolution
		{CE22D7C4-B47B-4BBC-AEAB-70BDFC0572BF}.Debug|Any CPU.ActiveCfg = Debug|Any CPU
		{CE22D7C4-B47B-4BBC-AEAB-70BDFC0572BF}.Debug|Any CPU.Build.0 = Debug|Any CPU
		{CE22D7C4-B47B-4BBC-AEAB-70BDFC0572BF}.Release|Any CPU.ActiveCfg = Release|Any CPU
		{CE22D7C4-B47B-4BBC-AEAB-70BDFC0572BF}.Release|Any CPU.Build.0 = Release|Any CPU
		{B4FCFAC2-18DB-4C0F-9387-E52A753B5975}.Debug|Any CPU.ActiveCfg = Debug|Any CPU
		{B4FCFAC2-18DB-4C0F-9387-E52A753B5975}.Debug|Any CPU.Build.0 = Debug|Any CPU
		{B4FCFAC2-18DB-4C0F-9387-E52A753B5975}.Release|Any CPU.ActiveCfg = Release|Any CPU
		{B4FCFAC2-18DB-4C0F-9387-E52A753B5975}.Release|Any CPU.Build.0 = Release|Any CPU
	EndGlobalSection
	GlobalSection(SolutionProperties) = preSolution
		HideSolutionNode = FALSE
	EndGlobalSection
	GlobalSection(ExtensibilityGlobals) = postSolution
		SolutionGuid = {5E3EE51D-81FA-4085-B4C8-F223CA3E7FF8}
	EndGlobalSection
EndGlobal
