
Microsoft Visual Studio Solution File, Format Version 12.00
# Visual Studio Version 16
VisualStudioVersion = 16.0.30804.86
MinimumVisualStudioVersion = 10.0.40219.1
Project("{9A19103F-16F7-4668-BE54-9A1E7A4F7556}") = "01. Valid Usernames", "01. Valid Usernames\01. Valid Usernames.csproj", "{451ABF6B-4CFF-4675-B17A-C8A97148D477}"
EndProject
Project("{9A19103F-16F7-4668-BE54-9A1E7A4F7556}") = "03. Extract File", "03. Extract File\03. Extract File.csproj", "{FA3C9464-5C80-4961-8BCF-74CCCD238261}"
EndProject
Project("{FAE04EC0-301F-11D3-BF4B-00C04F79EFBC}") = "04. Caesar Cipher", "04. Caesar Cipher\04. Caesar Cipher.csproj", "{3B072407-AE14-41EE-B986-ACAFFCA805A5}"
EndProject
Project("{FAE04EC0-301F-11D3-BF4B-00C04F79EFBC}") = "06. Replace Repeating Chars", "06. Replace Repeating Chars\06. Replace Repeating Chars.csproj", "{26B37C84-F7BE-47A0-AAC8-385D3889E24D}"
EndProject
Project("{FAE04EC0-301F-11D3-BF4B-00C04F79EFBC}") = "02. Character Multiplier", "02. Character Multiplier\02. Character Multiplier.csproj", "{7AB69AA2-919B-4B3E-A88A-E8EDB4D77995}"
EndProject
Project("{FAE04EC0-301F-11D3-BF4B-00C04F79EFBC}") = "07. String Explosion", "07. String Explosion\07. String Explosion.csproj", "{C48998FD-3A1C-493E-ADD1-5A6EE75027AB}"
EndProject
Global
	GlobalSection(SolutionConfigurationPlatforms) = preSolution
		Debug|Any CPU = Debug|Any CPU
		Release|Any CPU = Release|Any CPU
	EndGlobalSection
	GlobalSection(ProjectConfigurationPlatforms) = postSolution
		{451ABF6B-4CFF-4675-B17A-C8A97148D477}.Debug|Any CPU.ActiveCfg = Debug|Any CPU
		{451ABF6B-4CFF-4675-B17A-C8A97148D477}.Debug|Any CPU.Build.0 = Debug|Any CPU
		{451ABF6B-4CFF-4675-B17A-C8A97148D477}.Release|Any CPU.ActiveCfg = Release|Any CPU
		{451ABF6B-4CFF-4675-B17A-C8A97148D477}.Release|Any CPU.Build.0 = Release|Any CPU
		{FA3C9464-5C80-4961-8BCF-74CCCD238261}.Debug|Any CPU.ActiveCfg = Debug|Any CPU
		{FA3C9464-5C80-4961-8BCF-74CCCD238261}.Debug|Any CPU.Build.0 = Debug|Any CPU
		{FA3C9464-5C80-4961-8BCF-74CCCD238261}.Release|Any CPU.ActiveCfg = Release|Any CPU
		{FA3C9464-5C80-4961-8BCF-74CCCD238261}.Release|Any CPU.Build.0 = Release|Any CPU
		{3B072407-AE14-41EE-B986-ACAFFCA805A5}.Debug|Any CPU.ActiveCfg = Debug|Any CPU
		{3B072407-AE14-41EE-B986-ACAFFCA805A5}.Debug|Any CPU.Build.0 = Debug|Any CPU
		{3B072407-AE14-41EE-B986-ACAFFCA805A5}.Release|Any CPU.ActiveCfg = Release|Any CPU
		{3B072407-AE14-41EE-B986-ACAFFCA805A5}.Release|Any CPU.Build.0 = Release|Any CPU
		{26B37C84-F7BE-47A0-AAC8-385D3889E24D}.Debug|Any CPU.ActiveCfg = Debug|Any CPU
		{26B37C84-F7BE-47A0-AAC8-385D3889E24D}.Debug|Any CPU.Build.0 = Debug|Any CPU
		{26B37C84-F7BE-47A0-AAC8-385D3889E24D}.Release|Any CPU.ActiveCfg = Release|Any CPU
		{26B37C84-F7BE-47A0-AAC8-385D3889E24D}.Release|Any CPU.Build.0 = Release|Any CPU
		{7AB69AA2-919B-4B3E-A88A-E8EDB4D77995}.Debug|Any CPU.ActiveCfg = Debug|Any CPU
		{7AB69AA2-919B-4B3E-A88A-E8EDB4D77995}.Debug|Any CPU.Build.0 = Debug|Any CPU
		{7AB69AA2-919B-4B3E-A88A-E8EDB4D77995}.Release|Any CPU.ActiveCfg = Release|Any CPU
		{7AB69AA2-919B-4B3E-A88A-E8EDB4D77995}.Release|Any CPU.Build.0 = Release|Any CPU
		{C48998FD-3A1C-493E-ADD1-5A6EE75027AB}.Debug|Any CPU.ActiveCfg = Debug|Any CPU
		{C48998FD-3A1C-493E-ADD1-5A6EE75027AB}.Debug|Any CPU.Build.0 = Debug|Any CPU
		{C48998FD-3A1C-493E-ADD1-5A6EE75027AB}.Release|Any CPU.ActiveCfg = Release|Any CPU
		{C48998FD-3A1C-493E-ADD1-5A6EE75027AB}.Release|Any CPU.Build.0 = Release|Any CPU
	EndGlobalSection
	GlobalSection(SolutionProperties) = preSolution
		HideSolutionNode = FALSE
	EndGlobalSection
	GlobalSection(ExtensibilityGlobals) = postSolution
		SolutionGuid = {C61F9F95-A07A-48AC-89C9-4E0C83DD19FA}
	EndGlobalSection
EndGlobal
