
Microsoft Visual Studio Solution File, Format Version 12.00
# Visual Studio Version 16
VisualStudioVersion = 16.0.30804.86
MinimumVisualStudioVersion = 10.0.40219.1
Project("{9A19103F-16F7-4668-BE54-9A1E7A4F7556}") = "01. Unique Usernames", "01. Unique Usernames\01. Unique Usernames.csproj", "{F9D4AC8D-7C72-49F0-8968-BE4860F91AA3}"
EndProject
Project("{FAE04EC0-301F-11D3-BF4B-00C04F79EFBC}") = "02. Sets of Elements", "02. Sets of Elements\02. Sets of Elements.csproj", "{83E05275-1005-48FC-8CB5-58A6BB1DB8CF}"
EndProject
Project("{FAE04EC0-301F-11D3-BF4B-00C04F79EFBC}") = "03. Periodic Table", "03. Periodic Table\03. Periodic Table.csproj", "{22090527-5563-4A48-948E-F6C497735971}"
EndProject
Project("{FAE04EC0-301F-11D3-BF4B-00C04F79EFBC}") = "04. Even Times", "04. Even Times\04. Even Times.csproj", "{7D42D5CE-B993-40EC-BD2D-02A72449B0F7}"
EndProject
Project("{FAE04EC0-301F-11D3-BF4B-00C04F79EFBC}") = "05. Count Symbols", "05. Count Symbols\05. Count Symbols.csproj", "{17752C00-E562-4052-AFE8-3FFCD7737465}"
EndProject
Project("{FAE04EC0-301F-11D3-BF4B-00C04F79EFBC}") = "06. Wardrobe", "06. Wardrobe\06. Wardrobe.csproj", "{3DAD7968-242A-4FBF-87F9-A967A99E7A8F}"
EndProject
Global
	GlobalSection(SolutionConfigurationPlatforms) = preSolution
		Debug|Any CPU = Debug|Any CPU
		Release|Any CPU = Release|Any CPU
	EndGlobalSection
	GlobalSection(ProjectConfigurationPlatforms) = postSolution
		{F9D4AC8D-7C72-49F0-8968-BE4860F91AA3}.Debug|Any CPU.ActiveCfg = Debug|Any CPU
		{F9D4AC8D-7C72-49F0-8968-BE4860F91AA3}.Debug|Any CPU.Build.0 = Debug|Any CPU
		{F9D4AC8D-7C72-49F0-8968-BE4860F91AA3}.Release|Any CPU.ActiveCfg = Release|Any CPU
		{F9D4AC8D-7C72-49F0-8968-BE4860F91AA3}.Release|Any CPU.Build.0 = Release|Any CPU
		{83E05275-1005-48FC-8CB5-58A6BB1DB8CF}.Debug|Any CPU.ActiveCfg = Debug|Any CPU
		{83E05275-1005-48FC-8CB5-58A6BB1DB8CF}.Debug|Any CPU.Build.0 = Debug|Any CPU
		{83E05275-1005-48FC-8CB5-58A6BB1DB8CF}.Release|Any CPU.ActiveCfg = Release|Any CPU
		{83E05275-1005-48FC-8CB5-58A6BB1DB8CF}.Release|Any CPU.Build.0 = Release|Any CPU
		{22090527-5563-4A48-948E-F6C497735971}.Debug|Any CPU.ActiveCfg = Debug|Any CPU
		{22090527-5563-4A48-948E-F6C497735971}.Debug|Any CPU.Build.0 = Debug|Any CPU
		{22090527-5563-4A48-948E-F6C497735971}.Release|Any CPU.ActiveCfg = Release|Any CPU
		{22090527-5563-4A48-948E-F6C497735971}.Release|Any CPU.Build.0 = Release|Any CPU
		{7D42D5CE-B993-40EC-BD2D-02A72449B0F7}.Debug|Any CPU.ActiveCfg = Debug|Any CPU
		{7D42D5CE-B993-40EC-BD2D-02A72449B0F7}.Debug|Any CPU.Build.0 = Debug|Any CPU
		{7D42D5CE-B993-40EC-BD2D-02A72449B0F7}.Release|Any CPU.ActiveCfg = Release|Any CPU
		{7D42D5CE-B993-40EC-BD2D-02A72449B0F7}.Release|Any CPU.Build.0 = Release|Any CPU
		{17752C00-E562-4052-AFE8-3FFCD7737465}.Debug|Any CPU.ActiveCfg = Debug|Any CPU
		{17752C00-E562-4052-AFE8-3FFCD7737465}.Debug|Any CPU.Build.0 = Debug|Any CPU
		{17752C00-E562-4052-AFE8-3FFCD7737465}.Release|Any CPU.ActiveCfg = Release|Any CPU
		{17752C00-E562-4052-AFE8-3FFCD7737465}.Release|Any CPU.Build.0 = Release|Any CPU
		{3DAD7968-242A-4FBF-87F9-A967A99E7A8F}.Debug|Any CPU.ActiveCfg = Debug|Any CPU
		{3DAD7968-242A-4FBF-87F9-A967A99E7A8F}.Debug|Any CPU.Build.0 = Debug|Any CPU
		{3DAD7968-242A-4FBF-87F9-A967A99E7A8F}.Release|Any CPU.ActiveCfg = Release|Any CPU
		{3DAD7968-242A-4FBF-87F9-A967A99E7A8F}.Release|Any CPU.Build.0 = Release|Any CPU
	EndGlobalSection
	GlobalSection(SolutionProperties) = preSolution
		HideSolutionNode = FALSE
	EndGlobalSection
	GlobalSection(ExtensibilityGlobals) = postSolution
		SolutionGuid = {1DB35F1D-C30E-44F1-B9B3-AC62BAE434DF}
	EndGlobalSection
EndGlobal
