
Microsoft Visual Studio Solution File, Format Version 12.00
# Visual Studio Version 16
VisualStudioVersion = 16.0.30804.86
MinimumVisualStudioVersion = 10.0.40219.1
Project("{9A19103F-16F7-4668-BE54-9A1E7A4F7556}") = "DataTypesAndVariables", "DataTypesAndVariables\DataTypesAndVariables.csproj", "{4F3CF19D-2630-4F7A-80C1-9D95348C0256}"
EndProject
Project("{FAE04EC0-301F-11D3-BF4B-00C04F79EFBC}") = "SumDigits", "SumDigits\SumDigits.csproj", "{14595CAE-5BAA-4FF2-89AF-A4CC5E8604CC}"
EndProject
Project("{FAE04EC0-301F-11D3-BF4B-00C04F79EFBC}") = "Elevator", "Elevator\Elevator.csproj", "{B7DD1426-2C57-4AA1-A34B-F63DCBB5C614}"
EndProject
Global
	GlobalSection(SolutionConfigurationPlatforms) = preSolution
		Debug|Any CPU = Debug|Any CPU
		Release|Any CPU = Release|Any CPU
	EndGlobalSection
	GlobalSection(ProjectConfigurationPlatforms) = postSolution
		{4F3CF19D-2630-4F7A-80C1-9D95348C0256}.Debug|Any CPU.ActiveCfg = Debug|Any CPU
		{4F3CF19D-2630-4F7A-80C1-9D95348C0256}.Debug|Any CPU.Build.0 = Debug|Any CPU
		{4F3CF19D-2630-4F7A-80C1-9D95348C0256}.Release|Any CPU.ActiveCfg = Release|Any CPU
		{4F3CF19D-2630-4F7A-80C1-9D95348C0256}.Release|Any CPU.Build.0 = Release|Any CPU
		{14595CAE-5BAA-4FF2-89AF-A4CC5E8604CC}.Debug|Any CPU.ActiveCfg = Debug|Any CPU
		{14595CAE-5BAA-4FF2-89AF-A4CC5E8604CC}.Debug|Any CPU.Build.0 = Debug|Any CPU
		{14595CAE-5BAA-4FF2-89AF-A4CC5E8604CC}.Release|Any CPU.ActiveCfg = Release|Any CPU
		{14595CAE-5BAA-4FF2-89AF-A4CC5E8604CC}.Release|Any CPU.Build.0 = Release|Any CPU
		{B7DD1426-2C57-4AA1-A34B-F63DCBB5C614}.Debug|Any CPU.ActiveCfg = Debug|Any CPU
		{B7DD1426-2C57-4AA1-A34B-F63DCBB5C614}.Debug|Any CPU.Build.0 = Debug|Any CPU
		{B7DD1426-2C57-4AA1-A34B-F63DCBB5C614}.Release|Any CPU.ActiveCfg = Release|Any CPU
		{B7DD1426-2C57-4AA1-A34B-F63DCBB5C614}.Release|Any CPU.Build.0 = Release|Any CPU
	EndGlobalSection
	GlobalSection(SolutionProperties) = preSolution
		HideSolutionNode = FALSE
	EndGlobalSection
	GlobalSection(ExtensibilityGlobals) = postSolution
		SolutionGuid = {6A2F0173-2983-4E9F-BF34-45DBBB0848AA}
	EndGlobalSection
EndGlobal
