
Microsoft Visual Studio Solution File, Format Version 12.00
# Visual Studio Version 16
VisualStudioVersion = 16.0.29905.134
MinimumVisualStudioVersion = 10.0.40219.1
Project("{9A19103F-16F7-4668-BE54-9A1E7A4F7556}") = "PersonInfo", "PersonInfo\PersonInfo.csproj", "{39332541-5FA7-4111-BA9A-72FA622D9A2F}"
EndProject
Project("{9A19103F-16F7-4668-BE54-9A1E7A4F7556}") = "Telephony", "Telephony\Telephony.csproj", "{17BF6E62-D339-4184-8F87-677DBF2A68A6}"
EndProject
Project("{FAE04EC0-301F-11D3-BF4B-00C04F79EFBC}") = "BorderControl", "BorderControl\BorderControl.csproj", "{73041DF3-DB1E-4E0C-B261-8BDC02038FFF}"
EndProject
Global
	GlobalSection(SolutionConfigurationPlatforms) = preSolution
		Debug|Any CPU = Debug|Any CPU
		Release|Any CPU = Release|Any CPU
	EndGlobalSection
	GlobalSection(ProjectConfigurationPlatforms) = postSolution
		{39332541-5FA7-4111-BA9A-72FA622D9A2F}.Debug|Any CPU.ActiveCfg = Debug|Any CPU
		{39332541-5FA7-4111-BA9A-72FA622D9A2F}.Debug|Any CPU.Build.0 = Debug|Any CPU
		{39332541-5FA7-4111-BA9A-72FA622D9A2F}.Release|Any CPU.ActiveCfg = Release|Any CPU
		{39332541-5FA7-4111-BA9A-72FA622D9A2F}.Release|Any CPU.Build.0 = Release|Any CPU
		{17BF6E62-D339-4184-8F87-677DBF2A68A6}.Debug|Any CPU.ActiveCfg = Debug|Any CPU
		{17BF6E62-D339-4184-8F87-677DBF2A68A6}.Debug|Any CPU.Build.0 = Debug|Any CPU
		{17BF6E62-D339-4184-8F87-677DBF2A68A6}.Release|Any CPU.ActiveCfg = Release|Any CPU
		{17BF6E62-D339-4184-8F87-677DBF2A68A6}.Release|Any CPU.Build.0 = Release|Any CPU
		{73041DF3-DB1E-4E0C-B261-8BDC02038FFF}.Debug|Any CPU.ActiveCfg = Debug|Any CPU
		{73041DF3-DB1E-4E0C-B261-8BDC02038FFF}.Debug|Any CPU.Build.0 = Debug|Any CPU
		{73041DF3-DB1E-4E0C-B261-8BDC02038FFF}.Release|Any CPU.ActiveCfg = Release|Any CPU
		{73041DF3-DB1E-4E0C-B261-8BDC02038FFF}.Release|Any CPU.Build.0 = Release|Any CPU
	EndGlobalSection
	GlobalSection(SolutionProperties) = preSolution
		HideSolutionNode = FALSE
	EndGlobalSection
	GlobalSection(ExtensibilityGlobals) = postSolution
		SolutionGuid = {EE512D32-109A-4500-8F37-6A1570BC34B2}
	EndGlobalSection
EndGlobal
